
Microsoft Visual Studio Solution File, Format Version 12.00
# Visual Studio 15
VisualStudioVersion = 15.0.27703.2035
MinimumVisualStudioVersion = 10.0.40219.1
Project("{9A19103F-16F7-4668-BE54-9A1E7A4F7556}") = "Akka.Logger.NLog", "src\Akka.Logger.NLog\Akka.Logger.NLog.csproj", "{52BC97B2-C762-4029-878E-47E2EA9866D2}"
EndProject
Project("{2150E333-8FDC-42A3-9474-1A3956D46DE8}") = "Solution Items", "Solution Items", "{BB691E2E-B766-4EAA-8592-3129F83ACA9F}"
	ProjectSection(SolutionItems) = preProject
		build.ps1 = build.ps1
		README.md = README.md
		RELEASE_NOTES.md = RELEASE_NOTES.md
		coverlet.runsettings = coverlet.runsettings
		global.json = global.json
		NuGet.Config = NuGet.Config
		Directory.Build.props = Directory.Build.props
		Directory.Packages.props = Directory.Packages.props
	EndProjectSection
EndProject
Project("{9A19103F-16F7-4668-BE54-9A1E7A4F7556}") = "Akka.Logger.NLog.Tests", "src\Akka.Logger.NLog.Tests\Akka.Logger.NLog.Tests.csproj", "{32923A88-E86B-4E73-9621-E7599DF36E5F}"
EndProject
Project("{2150E333-8FDC-42A3-9474-1A3956D46DE8}") = "scripts", "scripts", "{519BA4A5-2081-4D8B-AC96-70EC04591BB6}"
	ProjectSection(SolutionItems) = preProject
		scripts\bumpVersion.ps1 = scripts\bumpVersion.ps1
		scripts\getReleaseNotes.ps1 = scripts\getReleaseNotes.ps1
	EndProjectSection
EndProject
Project("{2150E333-8FDC-42A3-9474-1A3956D46DE8}") = ".github", ".github", "{148980CB-16E8-49D5-B845-571400287DC5}"
	ProjectSection(SolutionItems) = preProject
		.github\dependabot.yml = .github\dependabot.yml
	EndProjectSection
EndProject
Project("{2150E333-8FDC-42A3-9474-1A3956D46DE8}") = "workflows", "workflows", "{F887CAD6-6D56-4631-A4A4-AE2A35D2FCD6}"
	ProjectSection(SolutionItems) = preProject
		.github\workflows\pr_validation.yml = .github\workflows\pr_validation.yml
		.github\workflows\publish_nuget.yml = .github\workflows\publish_nuget.yml
	EndProjectSection
EndProject
Project("{2150E333-8FDC-42A3-9474-1A3956D46DE8}") = ".azure", ".azure", "{851A62B8-1B9B-458C-BEFB-B22ABFA3DC8D}"
	ProjectSection(SolutionItems) = preProject
		.azure\azure-pipeline.template.yaml = .azure\azure-pipeline.template.yaml
		.azure\pr-validation.yaml = .azure\pr-validation.yaml
		.azure\windows-release.yaml = .azure\windows-release.yaml
	EndProjectSection
EndProject
Global
	GlobalSection(SolutionConfigurationPlatforms) = preSolution
		Debug|Any CPU = Debug|Any CPU
		Release|Any CPU = Release|Any CPU
	EndGlobalSection
	GlobalSection(ProjectConfigurationPlatforms) = postSolution
		{52BC97B2-C762-4029-878E-47E2EA9866D2}.Debug|Any CPU.ActiveCfg = Debug|Any CPU
		{52BC97B2-C762-4029-878E-47E2EA9866D2}.Debug|Any CPU.Build.0 = Debug|Any CPU
		{52BC97B2-C762-4029-878E-47E2EA9866D2}.Release|Any CPU.ActiveCfg = Release|Any CPU
		{52BC97B2-C762-4029-878E-47E2EA9866D2}.Release|Any CPU.Build.0 = Release|Any CPU
		{32923A88-E86B-4E73-9621-E7599DF36E5F}.Debug|Any CPU.ActiveCfg = Debug|Any CPU
		{32923A88-E86B-4E73-9621-E7599DF36E5F}.Debug|Any CPU.Build.0 = Debug|Any CPU
		{32923A88-E86B-4E73-9621-E7599DF36E5F}.Release|Any CPU.ActiveCfg = Release|Any CPU
		{32923A88-E86B-4E73-9621-E7599DF36E5F}.Release|Any CPU.Build.0 = Release|Any CPU
	EndGlobalSection
	GlobalSection(SolutionProperties) = preSolution
		HideSolutionNode = FALSE
	EndGlobalSection
	GlobalSection(ExtensibilityGlobals) = postSolution
		SolutionGuid = {E6D29FE3-301D-4898-BD68-BFA6785695BB}
	EndGlobalSection
	GlobalSection(NestedProjects) = preSolution
		{519BA4A5-2081-4D8B-AC96-70EC04591BB6} = {BB691E2E-B766-4EAA-8592-3129F83ACA9F}
		{148980CB-16E8-49D5-B845-571400287DC5} = {BB691E2E-B766-4EAA-8592-3129F83ACA9F}
		{F887CAD6-6D56-4631-A4A4-AE2A35D2FCD6} = {148980CB-16E8-49D5-B845-571400287DC5}
		{851A62B8-1B9B-458C-BEFB-B22ABFA3DC8D} = {BB691E2E-B766-4EAA-8592-3129F83ACA9F}
	EndGlobalSection
EndGlobal
