
Microsoft Visual Studio Solution File, Format Version 12.00
# Visual Studio 15
VisualStudioVersion = 15.0.27703.2035
MinimumVisualStudioVersion = 10.0.40219.1
Project("{9A19103F-16F7-4668-BE54-9A1E7A4F7556}") = "Akka.Logger.NLog", "src\Akka.Logger.NLog\Akka.Logger.NLog.csproj", "{52BC97B2-C762-4029-878E-47E2EA9866D2}"
EndProject
Project("{2150E333-8FDC-42A3-9474-1A3956D46DE8}") = "Solution Items", "Solution Items", "{BB691E2E-B766-4EAA-8592-3129F83ACA9F}"
	ProjectSection(SolutionItems) = preProject
		build.fsx = build.fsx
		build.ps1 = build.ps1
		README.md = README.md
		RELEASE_NOTES.md = RELEASE_NOTES.md
		src\Directory.Build.props = src\Directory.Build.props
		src\Directory.Packages.props = src\Directory.Packages.props
	EndProjectSection
EndProject
Project("{9A19103F-16F7-4668-BE54-9A1E7A4F7556}") = "Akka.Logger.NLog.Tests", "src\Akka.Logger.NLog.Tests\Akka.Logger.NLog.Tests.csproj", "{32923A88-E86B-4E73-9621-E7599DF36E5F}"
EndProject
Project("{2150E333-8FDC-42A3-9474-1A3956D46DE8}") = "build-system", "build-system", "{FF62B97F-40AF-4A44-AF1B-F89DA9000B4A}"
	ProjectSection(SolutionItems) = preProject
		build-system\azure-pipeline.template.yaml = build-system\azure-pipeline.template.yaml
		build-system\nightly-builds.yaml = build-system\nightly-builds.yaml
		build-system\pr-validation.yaml = build-system\pr-validation.yaml
		build-system\README.md = build-system\README.md
		build-system\windows-release.yaml = build-system\windows-release.yaml
	EndProjectSection
EndProject
Global
	GlobalSection(SolutionConfigurationPlatforms) = preSolution
		Debug|Any CPU = Debug|Any CPU
		Release|Any CPU = Release|Any CPU
	EndGlobalSection
	GlobalSection(ProjectConfigurationPlatforms) = postSolution
		{52BC97B2-C762-4029-878E-47E2EA9866D2}.Debug|Any CPU.ActiveCfg = Debug|Any CPU
		{52BC97B2-C762-4029-878E-47E2EA9866D2}.Debug|Any CPU.Build.0 = Debug|Any CPU
		{52BC97B2-C762-4029-878E-47E2EA9866D2}.Release|Any CPU.ActiveCfg = Release|Any CPU
		{52BC97B2-C762-4029-878E-47E2EA9866D2}.Release|Any CPU.Build.0 = Release|Any CPU
		{32923A88-E86B-4E73-9621-E7599DF36E5F}.Debug|Any CPU.ActiveCfg = Debug|Any CPU
		{32923A88-E86B-4E73-9621-E7599DF36E5F}.Debug|Any CPU.Build.0 = Debug|Any CPU
		{32923A88-E86B-4E73-9621-E7599DF36E5F}.Release|Any CPU.ActiveCfg = Release|Any CPU
		{32923A88-E86B-4E73-9621-E7599DF36E5F}.Release|Any CPU.Build.0 = Release|Any CPU
	EndGlobalSection
	GlobalSection(SolutionProperties) = preSolution
		HideSolutionNode = FALSE
	EndGlobalSection
	GlobalSection(ExtensibilityGlobals) = postSolution
		SolutionGuid = {E6D29FE3-301D-4898-BD68-BFA6785695BB}
	EndGlobalSection
	GlobalSection(NestedProjects) = preSolution
		{FF62B97F-40AF-4A44-AF1B-F89DA9000B4A} = {BB691E2E-B766-4EAA-8592-3129F83ACA9F}
	EndGlobalSection
EndGlobal
